# This file is automatically @generated by Cargo.
# It is not intended for manual editing.
version = 3

[[package]]
name = "aliu"
version = "0.1.0"
source = "registry+https://github.com/rust-lang/crates.io-index"
checksum = "0452a9f945dcc525b4e46831d1300a5dc4ce0bce4da66499b9907cef9a903373"

[[package]]
name = "liu"
version = "0.0.1"
dependencies = [
 "aliu",
 "unicode-width",
]

[[package]]
name = "unicode-width"
version = "0.1.9"
source = "registry+https://github.com/rust-lang/crates.io-index"
checksum = "3ed742d4ea2bd1176e236172c8429aaf54486e7ac098db29ffe6529e0ce50973"
